
Microsoft Visual Studio Solution File, Format Version 12.00
# Visual Studio 15
VisualStudioVersion = 15.0.28010.2026
MinimumVisualStudioVersion = 10.0.40219.1
Project("{FAE04EC0-301F-11D3-BF4B-00C04F79EFBC}") = "Varner_OOP", "Varner_OOP\Varner_OOP.csproj", "{ADD81A1F-E55B-4728-80E2-2C7FF7355D9F}"
EndProject
Global
	GlobalSection(SolutionConfigurationPlatforms) = preSolution
		Debug|Any CPU = Debug|Any CPU
		Release|Any CPU = Release|Any CPU
	EndGlobalSection
	GlobalSection(ProjectConfigurationPlatforms) = postSolution
		{ADD81A1F-E55B-4728-80E2-2C7FF7355D9F}.Debug|Any CPU.ActiveCfg = Debug|Any CPU
		{ADD81A1F-E55B-4728-80E2-2C7FF7355D9F}.Debug|Any CPU.Build.0 = Debug|Any CPU
		{ADD81A1F-E55B-4728-80E2-2C7FF7355D9F}.Release|Any CPU.ActiveCfg = Release|Any CPU
		{ADD81A1F-E55B-4728-80E2-2C7FF7355D9F}.Release|Any CPU.Build.0 = Release|Any CPU
	EndGlobalSection
	GlobalSection(SolutionProperties) = preSolution
		HideSolutionNode = FALSE
	EndGlobalSection
	GlobalSection(ExtensibilityGlobals) = postSolution
		SolutionGuid = {5A88794C-4C8B-4478-8FB7-6C6F56026BD4}
	EndGlobalSection
EndGlobal
